PODS:
  - libwebp (0.6.0):
    - libwebp/core (= 0.6.0)
    - libwebp/dec (= 0.6.0)
    - libwebp/demux (= 0.6.0)
    - libwebp/dsp (= 0.6.0)
    - libwebp/enc (= 0.6.0)
    - libwebp/mux (= 0.6.0)
    - libwebp/utils (= 0.6.0)
    - libwebp/webp (= 0.6.0)
  - libwebp/core (0.6.0):
    - libwebp/webp
  - libwebp/dec (0.6.0):
    - libwebp/core
  - libwebp/demux (0.6.0):
    - libwebp/core
  - libwebp/dsp (0.6.0):
    - libwebp/core
  - libwebp/enc (0.6.0):
    - libwebp/core
  - libwebp/mux (0.6.0):
    - libwebp/core
  - libwebp/utils (0.6.0):
    - libwebp/core
  - libwebp/webp (0.6.0)
  - SDWebImage/Core (3.8.0)
  - SDWebImage/WebP (3.8.0):
    - libwebp
    - SDWebImage/Core

DEPENDENCIES:
  - SDWebImage/WebP (= 3.8.0)

SPEC CHECKSUMS:
  libwebp: 1d5a07c2eb97f9c31bd5f154bb82efc0ea67c6a2
  SDWebImage: 7d9fe229266696de91eadf840c77ca15efd4bbd2

PODFILE CHECKSUM: c266e1e6a5835eed83e0146528d263c02cddba2c

COCOAPODS: 1.2.0
